
Microsoft Visual Studio Solution File, Format Version 12.00
# Visual Studio Version 16
VisualStudioVersion = 16.0.30114.105
MinimumVisualStudioVersion = 10.0.40219.1
Project("{FAE04EC0-301F-11D3-BF4B-00C04F79EFBC}") = "TareaConsola", "TareaConsola\TareaConsola.csproj", "{89CBE489-EE0F-4E37-AD7B-BC47337A7ADD}"
EndProject
Project("{FAE04EC0-301F-11D3-BF4B-00C04F79EFBC}") = "ClasesParaTarea", "ClasesParaTarea\ClasesParaTarea.csproj", "{59BA8FFB-1667-4356-972C-6BB875D478D1}"
EndProject
Global
	GlobalSection(SolutionConfigurationPlatforms) = preSolution
		Debug|Any CPU = Debug|Any CPU
		Release|Any CPU = Release|Any CPU
	EndGlobalSection
	GlobalSection(ProjectConfigurationPlatforms) = postSolution
		{89CBE489-EE0F-4E37-AD7B-BC47337A7ADD}.Debug|Any CPU.ActiveCfg = Debug|Any CPU
		{89CBE489-EE0F-4E37-AD7B-BC47337A7ADD}.Debug|Any CPU.Build.0 = Debug|Any CPU
		{89CBE489-EE0F-4E37-AD7B-BC47337A7ADD}.Release|Any CPU.ActiveCfg = Release|Any CPU
		{89CBE489-EE0F-4E37-AD7B-BC47337A7ADD}.Release|Any CPU.Build.0 = Release|Any CPU
		{59BA8FFB-1667-4356-972C-6BB875D478D1}.Debug|Any CPU.ActiveCfg = Debug|Any CPU
		{59BA8FFB-1667-4356-972C-6BB875D478D1}.Debug|Any CPU.Build.0 = Debug|Any CPU
		{59BA8FFB-1667-4356-972C-6BB875D478D1}.Release|Any CPU.ActiveCfg = Release|Any CPU
		{59BA8FFB-1667-4356-972C-6BB875D478D1}.Release|Any CPU.Build.0 = Release|Any CPU
	EndGlobalSection
	GlobalSection(SolutionProperties) = preSolution
		HideSolutionNode = FALSE
	EndGlobalSection
	GlobalSection(ExtensibilityGlobals) = postSolution
		SolutionGuid = {F41D1BBD-9ECB-4B6A-A2A8-7B379694EA76}
	EndGlobalSection
EndGlobal
